// !$*UTF8*$!
{
	archiveVersion = 1;
	classes = {
	};
	objectVersion = 52;
	objects = {

/* Begin PBXBuildFile section */
		B95A87AD23EB4B7200560028 /* TaskListView.swift in Sources */ = {isa = PBXBuildFile; fileRef = B95A87AC23EB4B7200560028 /* TaskListView.swift */; };
		B95A87B023EB508600560028 /* KeypathAutolayout in Frameworks */ = {isa = PBXBuildFile; productRef = B95A87AF23EB508600560028 /* KeypathAutolayout */; };
		B9B21C6923EB49ED005665F9 /* Vanity in Frameworks */ = {isa = PBXBuildFile; productRef = B9B21C6823EB49ED005665F9 /* Vanity */; };
		B9B21C6B23EB4A3A005665F9 /* Preview.storyboard in Resources */ = {isa = PBXBuildFile; fileRef = B9B21C6A23EB4A3A005665F9 /* Preview.storyboard */; };
		BA1F4F0423D8A0FF00E3A2D2 /* TaskItemTableViewCell.swift in Sources */ = {isa = PBXBuildFile; fileRef = BA1F4F0323D8A0FF00E3A2D2 /* TaskItemTableViewCell.swift */; };
		BA1F4F0E23D8E01800E3A2D2 /* TaskItemViewController.swift in Sources */ = {isa = PBXBuildFile; fileRef = BA1F4F0D23D8E01800E3A2D2 /* TaskItemViewController.swift */; };
		BA1F4F1123D8E03400E3A2D2 /* BaseViewController.swift in Sources */ = {isa = PBXBuildFile; fileRef = BA1F4F1023D8E03400E3A2D2 /* BaseViewController.swift */; };
		BA1F4F1423D8E0C700E3A2D2 /* UIViewController+Extensions.swift in Sources */ = {isa = PBXBuildFile; fileRef = BA1F4F1323D8E0C700E3A2D2 /* UIViewController+Extensions.swift */; };
		BA1F4F1723D8E10000E3A2D2 /* TaskItemView.swift in Sources */ = {isa = PBXBuildFile; fileRef = BA1F4F1623D8E10000E3A2D2 /* TaskItemView.swift */; };
		BA6A305123D88CA500CBD6BF /* AppDelegate.swift in Sources */ = {isa = PBXBuildFile; fileRef = BA6A305023D88CA500CBD6BF /* AppDelegate.swift */; };
		BA6A305A23D88CA700CBD6BF /* Assets.xcassets in Resources */ = {isa = PBXBuildFile; fileRef = BA6A305923D88CA700CBD6BF /* Assets.xcassets */; };
		BA6A305D23D88CA700CBD6BF /* LaunchScreen.storyboard in Resources */ = {isa = PBXBuildFile; fileRef = BA6A305B23D88CA700CBD6BF /* LaunchScreen.storyboard */; };
		BA6A306A23D8926B00CBD6BF /* TaskListViewController.swift in Sources */ = {isa = PBXBuildFile; fileRef = BA6A306923D8926B00CBD6BF /* TaskListViewController.swift */; };
		BA6A306C23D892AB00CBD6BF /* Task.swift in Sources */ = {isa = PBXBuildFile; fileRef = BA6A306B23D892AB00CBD6BF /* Task.swift */; };
		BA6A306E23D892EE00CBD6BF /* DataProvider.swift in Sources */ = {isa = PBXBuildFile; fileRef = BA6A306D23D892EE00CBD6BF /* DataProvider.swift */; };
		BA6A307123D893BB00CBD6BF /* UserDefaults.swift in Sources */ = {isa = PBXBuildFile; fileRef = BA6A307023D893BB00CBD6BF /* UserDefaults.swift */; };
		BA6A307323D894AC00CBD6BF /* Constants.swift in Sources */ = {isa = PBXBuildFile; fileRef = BA6A307223D894AC00CBD6BF /* Constants.swift */; };
		BA6A307523D896A300CBD6BF /* ListPresenter.swift in Sources */ = {isa = PBXBuildFile; fileRef = BA6A307423D896A300CBD6BF /* ListPresenter.swift */; };
/* End PBXBuildFile section */

/* Begin PBXFileReference section */
		B95A87AC23EB4B7200560028 /* TaskListView.swift */ = {isa = PBXFileReference; lastKnownFileType = sourcecode.swift; path = TaskListView.swift; sourceTree = "<group>"; };
		B9B21C6A23EB4A3A005665F9 /* Preview.storyboard */ = {isa = PBXFileReference; lastKnownFileType = file.storyboard; path = Preview.storyboard; sourceTree = "<group>"; };
		BA1F4F0323D8A0FF00E3A2D2 /* TaskItemTableViewCell.swift */ = {isa = PBXFileReference; lastKnownFileType = sourcecode.swift; path = TaskItemTableViewCell.swift; sourceTree = "<group>"; };
		BA1F4F0D23D8E01800E3A2D2 /* TaskItemViewController.swift */ = {isa = PBXFileReference; lastKnownFileType = sourcecode.swift; path = TaskItemViewController.swift; sourceTree = "<group>"; };
		BA1F4F1023D8E03400E3A2D2 /* BaseViewController.swift */ = {isa = PBXFileReference; lastKnownFileType = sourcecode.swift; path = BaseViewController.swift; sourceTree = "<group>"; };
		BA1F4F1323D8E0C700E3A2D2 /* UIViewController+Extensions.swift */ = {isa = PBXFileReference; lastKnownFileType = sourcecode.swift; path = "UIViewController+Extensions.swift"; sourceTree = "<group>"; };
		BA1F4F1623D8E10000E3A2D2 /* TaskItemView.swift */ = {isa = PBXFileReference; lastKnownFileType = sourcecode.swift; path = TaskItemView.swift; sourceTree = "<group>"; };
		BA6A304D23D88CA500CBD6BF /* SiriKitDemo.app */ = {isa = PBXFileReference; explicitFileType = wrapper.application; includeInIndex = 0; path = SiriKitDemo.app; sourceTree = BUILT_PRODUCTS_DIR; };
		BA6A305023D88CA500CBD6BF /* AppDelegate.swift */ = {isa = PBXFileReference; lastKnownFileType = sourcecode.swift; path = AppDelegate.swift; sourceTree = "<group>"; };
		BA6A305923D88CA700CBD6BF /* Assets.xcassets */ = {isa = PBXFileReference; lastKnownFileType = folder.assetcatalog; path = Assets.xcassets; sourceTree = "<group>"; };
		BA6A305C23D88CA700CBD6BF /* Base */ = {isa = PBXFileReference; lastKnownFileType = file.storyboard; name = Base; path = Base.lproj/LaunchScreen.storyboard; sourceTree = "<group>"; };
		BA6A305E23D88CA700CBD6BF /* Info.plist */ = {isa = PBXFileReference; lastKnownFileType = text.plist.xml; path = Info.plist; sourceTree = "<group>"; };
		BA6A306923D8926B00CBD6BF /* TaskListViewController.swift */ = {isa = PBXFileReference; lastKnownFileType = sourcecode.swift; path = TaskListViewController.swift; sourceTree = "<group>"; };
		BA6A306B23D892AB00CBD6BF /* Task.swift */ = {isa = PBXFileReference; lastKnownFileType = sourcecode.swift; path = Task.swift; sourceTree = "<group>"; };
		BA6A306D23D892EE00CBD6BF /* DataProvider.swift */ = {isa = PBXFileReference; lastKnownFileType = sourcecode.swift; path = DataProvider.swift; sourceTree = "<group>"; };
		BA6A307023D893BB00CBD6BF /* UserDefaults.swift */ = {isa = PBXFileReference; lastKnownFileType = sourcecode.swift; path = UserDefaults.swift; sourceTree = "<group>"; };
		BA6A307223D894AC00CBD6BF /* Constants.swift */ = {isa = PBXFileReference; lastKnownFileType = sourcecode.swift; path = Constants.swift; sourceTree = "<group>"; };
		BA6A307423D896A300CBD6BF /* ListPresenter.swift */ = {isa = PBXFileReference; lastKnownFileType = sourcecode.swift; path = ListPresenter.swift; sourceTree = "<group>"; };
/* End PBXFileReference section */

/* Begin PBXFrameworksBuildPhase section */
		BA6A304A23D88CA500CBD6BF /* Frameworks */ = {
			isa = PBXFrameworksBuildPhase;
			buildActionMask = 2147483647;
			files = (
				B95A87B023EB508600560028 /* KeypathAutolayout in Frameworks */,
				B9B21C6923EB49ED005665F9 /* Vanity in Frameworks */,
			);
			runOnlyForDeploymentPostprocessing = 0;
		};
/* End PBXFrameworksBuildPhase section */

/* Begin PBXGroup section */
		B95A87AB23EB4B4900560028 /* TaskListView */ = {
			isa = PBXGroup;
			children = (
				BA6A306923D8926B00CBD6BF /* TaskListViewController.swift */,
				B95A87AC23EB4B7200560028 /* TaskListView.swift */,
			);
			path = TaskListView;
			sourceTree = "<group>";
		};
		BA1F4F0F23D8E02700E3A2D2 /* Base */ = {
			isa = PBXGroup;
			children = (
				BA1F4F1023D8E03400E3A2D2 /* BaseViewController.swift */,
			);
			path = Base;
			sourceTree = "<group>";
		};
		BA1F4F1223D8E09D00E3A2D2 /* Extensions */ = {
			isa = PBXGroup;
			children = (
				BA1F4F1323D8E0C700E3A2D2 /* UIViewController+Extensions.swift */,
			);
			path = Extensions;
			sourceTree = "<group>";
		};
		BA1F4F1523D8E0E900E3A2D2 /* TaskItemView */ = {
			isa = PBXGroup;
			children = (
				BA1F4F0D23D8E01800E3A2D2 /* TaskItemViewController.swift */,
				BA1F4F1623D8E10000E3A2D2 /* TaskItemView.swift */,
			);
			path = TaskItemView;
			sourceTree = "<group>";
		};
		BA6A304423D88CA500CBD6BF = {
			isa = PBXGroup;
			children = (
				BA6A304F23D88CA500CBD6BF /* SiriKitDemo */,
				BA6A304E23D88CA500CBD6BF /* Products */,
			);
			sourceTree = "<group>";
		};
		BA6A304E23D88CA500CBD6BF /* Products */ = {
			isa = PBXGroup;
			children = (
				BA6A304D23D88CA500CBD6BF /* SiriKitDemo.app */,
			);
			name = Products;
			sourceTree = "<group>";
		};
		BA6A304F23D88CA500CBD6BF /* SiriKitDemo */ = {
			isa = PBXGroup;
			children = (
				BA1F4F0F23D8E02700E3A2D2 /* Base */,
				BA6A306423D8920B00CBD6BF /* App */,
				BA6A305923D88CA700CBD6BF /* Assets.xcassets */,
				BA6A306823D8924D00CBD6BF /* DataProvider */,
				BA6A306723D8924800CBD6BF /* Models */,
				BA6A306523D8923C00CBD6BF /* Presenter */,
				BA6A306F23D893A000CBD6BF /* Utils */,
				BA6A306623D8924300CBD6BF /* View */,
				B9B21C6A23EB4A3A005665F9 /* Preview.storyboard */,
			);
			path = SiriKitDemo;
			sourceTree = "<group>";
		};
		BA6A306423D8920B00CBD6BF /* App */ = {
			isa = PBXGroup;
			children = (
				BA6A305023D88CA500CBD6BF /* AppDelegate.swift */,
				BA6A305B23D88CA700CBD6BF /* LaunchScreen.storyboard */,
				BA6A305E23D88CA700CBD6BF /* Info.plist */,
			);
			path = App;
			sourceTree = "<group>";
		};
		BA6A306523D8923C00CBD6BF /* Presenter */ = {
			isa = PBXGroup;
			children = (
				BA6A307423D896A300CBD6BF /* ListPresenter.swift */,
			);
			path = Presenter;
			sourceTree = "<group>";
		};
		BA6A306623D8924300CBD6BF /* View */ = {
			isa = PBXGroup;
			children = (
				BA1F4F1523D8E0E900E3A2D2 /* TaskItemView */,
				B95A87AB23EB4B4900560028 /* TaskListView */,
				BA1F4F0323D8A0FF00E3A2D2 /* TaskItemTableViewCell.swift */,
			);
			path = View;
			sourceTree = "<group>";
		};
		BA6A306723D8924800CBD6BF /* Models */ = {
			isa = PBXGroup;
			children = (
				BA6A306B23D892AB00CBD6BF /* Task.swift */,
			);
			path = Models;
			sourceTree = "<group>";
		};
		BA6A306823D8924D00CBD6BF /* DataProvider */ = {
			isa = PBXGroup;
			children = (
				BA6A306D23D892EE00CBD6BF /* DataProvider.swift */,
			);
			path = DataProvider;
			sourceTree = "<group>";
		};
		BA6A306F23D893A000CBD6BF /* Utils */ = {
			isa = PBXGroup;
			children = (
				BA1F4F1223D8E09D00E3A2D2 /* Extensions */,
				BA6A307023D893BB00CBD6BF /* UserDefaults.swift */,
				BA6A307223D894AC00CBD6BF /* Constants.swift */,
			);
			path = Utils;
			sourceTree = "<group>";
		};
/* End PBXGroup section */

/* Begin PBXNativeTarget section */
		BA6A304C23D88CA500CBD6BF /* SiriKitDemo */ = {
			isa = PBXNativeTarget;
			buildConfigurationList = BA6A306123D88CA700CBD6BF /* Build configuration list for PBXNativeTarget "SiriKitDemo" */;
			buildPhases = (
				BA6A304923D88CA500CBD6BF /* Sources */,
				BA6A304A23D88CA500CBD6BF /* Frameworks */,
				BA6A304B23D88CA500CBD6BF /* Resources */,
			);
			buildRules = (
			);
			dependencies = (
			);
			name = SiriKitDemo;
			packageProductDependencies = (
				B9B21C6823EB49ED005665F9 /* Vanity */,
				B95A87AF23EB508600560028 /* KeypathAutolayout */,
			);
			productName = SiriKitDemo;
			productReference = BA6A304D23D88CA500CBD6BF /* SiriKitDemo.app */;
			productType = "com.apple.product-type.application";
		};
/* End PBXNativeTarget section */

/* Begin PBXProject section */
		BA6A304523D88CA500CBD6BF /* Project object */ = {
			isa = PBXProject;
			attributes = {
				LastSwiftUpdateCheck = 1130;
				LastUpgradeCheck = 1130;
				ORGANIZATIONNAME = "Andres Rojas";
				TargetAttributes = {
					BA6A304C23D88CA500CBD6BF = {
						CreatedOnToolsVersion = 11.3;
					};
				};
			};
			buildConfigurationList = BA6A304823D88CA500CBD6BF /* Build configuration list for PBXProject "SiriKitDemo" */;
			compatibilityVersion = "Xcode 9.3";
			developmentRegion = en;
			hasScannedForEncodings = 0;
			knownRegions = (
				en,
				Base,
			);
			mainGroup = BA6A304423D88CA500CBD6BF;
			packageReferences = (
				B9B21C6723EB49ED005665F9 /* XCRemoteSwiftPackageReference "Vanity" */,
				B95A87AE23EB508600560028 /* XCRemoteSwiftPackageReference "KeyPathAutoLayout" */,
			);
			productRefGroup = BA6A304E23D88CA500CBD6BF /* Products */;
			projectDirPath = "";
			projectRoot = "";
			targets = (
				BA6A304C23D88CA500CBD6BF /* SiriKitDemo */,
			);
		};
/* End PBXProject section */

/* Begin PBXResourcesBuildPhase section */
		BA6A304B23D88CA500CBD6BF /* Resources */ = {
			isa = PBXResourcesBuildPhase;
			buildActionMask = 2147483647;
			files = (
				BA6A305D23D88CA700CBD6BF /* LaunchScreen.storyboard in Resources */,
				BA6A305A23D88CA700CBD6BF /* Assets.xcassets in Resources */,
				B9B21C6B23EB4A3A005665F9 /* Preview.storyboard in Resources */,
			);
			runOnlyForDeploymentPostprocessing = 0;
		};
/* End PBXResourcesBuildPhase section */

/* Begin PBXSourcesBuildPhase section */
		BA6A304923D88CA500CBD6BF /* Sources */ = {
			isa = PBXSourcesBuildPhase;
			buildActionMask = 2147483647;
			files = (
				BA6A307523D896A300CBD6BF /* ListPresenter.swift in Sources */,
				BA6A306A23D8926B00CBD6BF /* TaskListViewController.swift in Sources */,
				BA6A307123D893BB00CBD6BF /* UserDefaults.swift in Sources */,
				BA1F4F0423D8A0FF00E3A2D2 /* TaskItemTableViewCell.swift in Sources */,
				BA6A306C23D892AB00CBD6BF /* Task.swift in Sources */,
				BA1F4F1123D8E03400E3A2D2 /* BaseViewController.swift in Sources */,
				BA1F4F1723D8E10000E3A2D2 /* TaskItemView.swift in Sources */,
				B95A87AD23EB4B7200560028 /* TaskListView.swift in Sources */,
				BA1F4F1423D8E0C700E3A2D2 /* UIViewController+Extensions.swift in Sources */,
				BA1F4F0E23D8E01800E3A2D2 /* TaskItemViewController.swift in Sources */,
				BA6A306E23D892EE00CBD6BF /* DataProvider.swift in Sources */,
				BA6A305123D88CA500CBD6BF /* AppDelegate.swift in Sources */,
				BA6A307323D894AC00CBD6BF /* Constants.swift in Sources */,
			);
			runOnlyForDeploymentPostprocessing = 0;
		};
/* End PBXSourcesBuildPhase section */

/* Begin PBXVariantGroup section */
		BA6A305B23D88CA700CBD6BF /* LaunchScreen.storyboard */ = {
			isa = PBXVariantGroup;
			children = (
				BA6A305C23D88CA700CBD6BF /* Base */,
			);
			name = LaunchScreen.storyboard;
			sourceTree = "<group>";
		};
/* End PBXVariantGroup section */

/* Begin XCBuildConfiguration section */
		BA6A305F23D88CA700CBD6BF /* Debug */ = {
			isa = XCBuildConfiguration;
			buildSettings = {
				ALWAYS_SEARCH_USER_PATHS = NO;
				CLANG_ANALYZER_NONNULL = YES;
				CLANG_ANALYZER_NUMBER_OBJECT_CONVERSION = YES_AGGRESSIVE;
				CLANG_CXX_LANGUAGE_STANDARD = "gnu++14";
				CLANG_CXX_LIBRARY = "libc++";
				CLANG_ENABLE_MODULES = YES;
				CLANG_ENABLE_OBJC_ARC = YES;
				CLANG_ENABLE_OBJC_WEAK = YES;
				CLANG_WARN_BLOCK_CAPTURE_AUTORELEASING = YES;
				CLANG_WARN_BOOL_CONVERSION = YES;
				CLANG_WARN_COMMA = YES;
				CLANG_WARN_CONSTANT_CONVERSION = YES;
				CLANG_WARN_DEPRECATED_OBJC_IMPLEMENTATIONS = YES;
				CLANG_WARN_DIRECT_OBJC_ISA_USAGE = YES_ERROR;
				CLANG_WARN_DOCUMENTATION_COMMENTS = YES;
				CLANG_WARN_EMPTY_BODY = YES;
				CLANG_WARN_ENUM_CONVERSION = YES;
				CLANG_WARN_INFINITE_RECURSION = YES;
				CLANG_WARN_INT_CONVERSION = YES;
				CLANG_WARN_NON_LITERAL_NULL_CONVERSION = YES;
				CLANG_WARN_OBJC_IMPLICIT_RETAIN_SELF = YES;
				CLANG_WARN_OBJC_LITERAL_CONVERSION = YES;
				CLANG_WARN_OBJC_ROOT_CLASS = YES_ERROR;
				CLANG_WARN_RANGE_LOOP_ANALYSIS = YES;
				CLANG_WARN_STRICT_PROTOTYPES = YES;
				CLANG_WARN_SUSPICIOUS_MOVE = YES;
				CLANG_WARN_UNGUARDED_AVAILABILITY = YES_AGGRESSIVE;
				CLANG_WARN_UNREACHABLE_CODE = YES;
				CLANG_WARN__DUPLICATE_METHOD_MATCH = YES;
				COPY_PHASE_STRIP = NO;
				DEBUG_INFORMATION_FORMAT = dwarf;
				ENABLE_STRICT_OBJC_MSGSEND = YES;
				ENABLE_TESTABILITY = YES;
				GCC_C_LANGUAGE_STANDARD = gnu11;
				GCC_DYNAMIC_NO_PIC = NO;
				GCC_NO_COMMON_BLOCKS = YES;
				GCC_OPTIMIZATION_LEVEL = 0;
				GCC_PREPROCESSOR_DEFINITIONS = (
					"DEBUG=1",
					"$(inherited)",
				);
				GCC_WARN_64_TO_32_BIT_CONVERSION = YES;
				GCC_WARN_ABOUT_RETURN_TYPE = YES_ERROR;
				GCC_WARN_UNDECLARED_SELECTOR = YES;
				GCC_WARN_UNINITIALIZED_AUTOS = YES_AGGRESSIVE;
				GCC_WARN_UNUSED_FUNCTION = YES;
				GCC_WARN_UNUSED_VARIABLE = YES;
				IPHONEOS_DEPLOYMENT_TARGET = 13.2;
				MTL_ENABLE_DEBUG_INFO = INCLUDE_SOURCE;
				MTL_FAST_MATH = YES;
				ONLY_ACTIVE_ARCH = YES;
				SDKROOT = iphoneos;
				SWIFT_ACTIVE_COMPILATION_CONDITIONS = DEBUG;
				SWIFT_OPTIMIZATION_LEVEL = "-Onone";
			};
			name = Debug;
		};
		BA6A306023D88CA700CBD6BF /* Release */ = {
			isa = XCBuildConfiguration;
			buildSettings = {
				ALWAYS_SEARCH_USER_PATHS = NO;
				CLANG_ANALYZER_NONNULL = YES;
				CLANG_ANALYZER_NUMBER_OBJECT_CONVERSION = YES_AGGRESSIVE;
				CLANG_CXX_LANGUAGE_STANDARD = "gnu++14";
				CLANG_CXX_LIBRARY = "libc++";
				CLANG_ENABLE_MODULES = YES;
				CLANG_ENABLE_OBJC_ARC = YES;
				CLANG_ENABLE_OBJC_WEAK = YES;
				CLANG_WARN_BLOCK_CAPTURE_AUTORELEASING = YES;
				CLANG_WARN_BOOL_CONVERSION = YES;
				CLANG_WARN_COMMA = YES;
				CLANG_WARN_CONSTANT_CONVERSION = YES;
				CLANG_WARN_DEPRECATED_OBJC_IMPLEMENTATIONS = YES;
				CLANG_WARN_DIRECT_OBJC_ISA_USAGE = YES_ERROR;
				CLANG_WARN_DOCUMENTATION_COMMENTS = YES;
				CLANG_WARN_EMPTY_BODY = YES;
				CLANG_WARN_ENUM_CONVERSION = YES;
				CLANG_WARN_INFINITE_RECURSION = YES;
				CLANG_WARN_INT_CONVERSION = YES;
				CLANG_WARN_NON_LITERAL_NULL_CONVERSION = YES;
				CLANG_WARN_OBJC_IMPLICIT_RETAIN_SELF = YES;
				CLANG_WARN_OBJC_LITERAL_CONVERSION = YES;
				CLANG_WARN_OBJC_ROOT_CLASS = YES_ERROR;
				CLANG_WARN_RANGE_LOOP_ANALYSIS = YES;
				CLANG_WARN_STRICT_PROTOTYPES = YES;
				CLANG_WARN_SUSPICIOUS_MOVE = YES;
				CLANG_WARN_UNGUARDED_AVAILABILITY = YES_AGGRESSIVE;
				CLANG_WARN_UNREACHABLE_CODE = YES;
				CLANG_WARN__DUPLICATE_METHOD_MATCH = YES;
				COPY_PHASE_STRIP = NO;
				DEBUG_INFORMATION_FORMAT = "dwarf-with-dsym";
				ENABLE_NS_ASSERTIONS = NO;
				ENABLE_STRICT_OBJC_MSGSEND = YES;
				GCC_C_LANGUAGE_STANDARD = gnu11;
				GCC_NO_COMMON_BLOCKS = YES;
				GCC_WARN_64_TO_32_BIT_CONVERSION = YES;
				GCC_WARN_ABOUT_RETURN_TYPE = YES_ERROR;
				GCC_WARN_UNDECLARED_SELECTOR = YES;
				GCC_WARN_UNINITIALIZED_AUTOS = YES_AGGRESSIVE;
				GCC_WARN_UNUSED_FUNCTION = YES;
				GCC_WARN_UNUSED_VARIABLE = YES;
				IPHONEOS_DEPLOYMENT_TARGET = 13.2;
				MTL_ENABLE_DEBUG_INFO = NO;
				MTL_FAST_MATH = YES;
				SDKROOT = iphoneos;
				SWIFT_COMPILATION_MODE = wholemodule;
				SWIFT_OPTIMIZATION_LEVEL = "-O";
				VALIDATE_PRODUCT = YES;
			};
			name = Release;
		};
		BA6A306223D88CA700CBD6BF /* Debug */ = {
			isa = XCBuildConfiguration;
			buildSettings = {
				ASSETCATALOG_COMPILER_APPICON_NAME = AppIcon;
				CODE_SIGN_STYLE = Automatic;
				DEVELOPMENT_TEAM = 47WD53H47N;
				INFOPLIST_FILE = SiriKitDemo/App/Info.plist;
				LD_RUNPATH_SEARCH_PATHS = (
					"$(inherited)",
					"@executable_path/Frameworks",
				);
				PRODUCT_BUNDLE_IDENTIFIER = com.andresrojas.SiriKitDemo;
				PRODUCT_NAME = "$(TARGET_NAME)";
				SWIFT_VERSION = 5.0;
				TARGETED_DEVICE_FAMILY = "1,2";
			};
			name = Debug;
		};
		BA6A306323D88CA700CBD6BF /* Release */ = {
			isa = XCBuildConfiguration;
			buildSettings = {
				ASSETCATALOG_COMPILER_APPICON_NAME = AppIcon;
				CODE_SIGN_STYLE = Automatic;
				DEVELOPMENT_TEAM = 47WD53H47N;
				INFOPLIST_FILE = SiriKitDemo/App/Info.plist;
				LD_RUNPATH_SEARCH_PATHS = (
					"$(inherited)",
					"@executable_path/Frameworks",
				);
				PRODUCT_BUNDLE_IDENTIFIER = com.andresrojas.SiriKitDemo;
				PRODUCT_NAME = "$(TARGET_NAME)";
				SWIFT_VERSION = 5.0;
				TARGETED_DEVICE_FAMILY = "1,2";
			};
			name = Release;
		};
/* End XCBuildConfiguration section */

/* Begin XCConfigurationList section */
		BA6A304823D88CA500CBD6BF /* Build configuration list for PBXProject "SiriKitDemo" */ = {
			isa = XCConfigurationList;
			buildConfigurations = (
				BA6A305F23D88CA700CBD6BF /* Debug */,
				BA6A306023D88CA700CBD6BF /* Release */,
			);
			defaultConfigurationIsVisible = 0;
			defaultConfigurationName = Release;
		};
		BA6A306123D88CA700CBD6BF /* Build configuration list for PBXNativeTarget "SiriKitDemo" */ = {
			isa = XCConfigurationList;
			buildConfigurations = (
				BA6A306223D88CA700CBD6BF /* Debug */,
				BA6A306323D88CA700CBD6BF /* Release */,
			);
			defaultConfigurationIsVisible = 0;
			defaultConfigurationName = Release;
		};
/* End XCConfigurationList section */

/* Begin XCRemoteSwiftPackageReference section */
		B95A87AE23EB508600560028 /* XCRemoteSwiftPackageReference "KeyPathAutoLayout" */ = {
			isa = XCRemoteSwiftPackageReference;
			repositoryURL = "https://github.com/DanielCardonaRojas/KeyPathAutoLayout";
			requirement = {
				kind = upToNextMajorVersion;
				minimumVersion = 1.0.2;
			};
		};
		B9B21C6723EB49ED005665F9 /* XCRemoteSwiftPackageReference "Vanity" */ = {
			isa = XCRemoteSwiftPackageReference;
			repositoryURL = "https://github.com/DanielCardonaRojas/Vanity";
			requirement = {
				kind = upToNextMajorVersion;
				minimumVersion = 1.1.2;
			};
		};
/* End XCRemoteSwiftPackageReference section */

/* Begin XCSwiftPackageProductDependency section */
		B95A87AF23EB508600560028 /* KeypathAutolayout */ = {
			isa = XCSwiftPackageProductDependency;
			package = B95A87AE23EB508600560028 /* XCRemoteSwiftPackageReference "KeyPathAutoLayout" */;
			productName = KeypathAutolayout;
		};
		B9B21C6823EB49ED005665F9 /* Vanity */ = {
			isa = XCSwiftPackageProductDependency;
			package = B9B21C6723EB49ED005665F9 /* XCRemoteSwiftPackageReference "Vanity" */;
			productName = Vanity;
		};
/* End XCSwiftPackageProductDependency section */
	};
	rootObject = BA6A304523D88CA500CBD6BF /* Project object */;
}
